
Microsoft Visual Studio Solution File, Format Version 12.00
# Visual Studio 15
VisualStudioVersion = 15.0.27703.2042
MinimumVisualStudioVersion = 10.0.40219.1
Project("{9A19103F-16F7-4668-BE54-9A1E7A4F7556}") = "eBay.Service.Standard", "eBay.Service.Standard\eBay.Service.Standard.csproj", "{CADD6883-E058-4FDE-9DCC-54F03E8BD1DD}"
EndProject
Project("{9A19103F-16F7-4668-BE54-9A1E7A4F7556}") = "eBay.Service.Standard.Test", "eBay.Service.Standard.Test\eBay.Service.Standard.Test.csproj", "{BF4BC50E-557F-489F-AF3A-3BE0DFDBDF02}"
EndProject
Project("{9A19103F-16F7-4668-BE54-9A1E7A4F7556}") = "eBay.Service.Standard.Test2", "eBay.Service.Standard.Test2\eBay.Service.Standard.Test2.csproj", "{AB065B75-088E-4DC0-9D1A-59402940B993}"
EndProject
Project("{FAE04EC0-301F-11D3-BF4B-00C04F79EFBC}") = "eBay.Service.Standard.Test3", "eBay.Service.Standard.Test3\eBay.Service.Standard.Test3.csproj", "{4FDACD87-9137-4C5C-85D6-F209B940C6EA}"
EndProject
Global
	GlobalSection(SolutionConfigurationPlatforms) = preSolution
		Debug|Any CPU = Debug|Any CPU
		Release|Any CPU = Release|Any CPU
	EndGlobalSection
	GlobalSection(ProjectConfigurationPlatforms) = postSolution
		{CADD6883-E058-4FDE-9DCC-54F03E8BD1DD}.Debug|Any CPU.ActiveCfg = Debug|Any CPU
		{CADD6883-E058-4FDE-9DCC-54F03E8BD1DD}.Debug|Any CPU.Build.0 = Debug|Any CPU
		{CADD6883-E058-4FDE-9DCC-54F03E8BD1DD}.Release|Any CPU.ActiveCfg = Release|Any CPU
		{CADD6883-E058-4FDE-9DCC-54F03E8BD1DD}.Release|Any CPU.Build.0 = Release|Any CPU
		{BF4BC50E-557F-489F-AF3A-3BE0DFDBDF02}.Debug|Any CPU.ActiveCfg = Debug|Any CPU
		{BF4BC50E-557F-489F-AF3A-3BE0DFDBDF02}.Debug|Any CPU.Build.0 = Debug|Any CPU
		{BF4BC50E-557F-489F-AF3A-3BE0DFDBDF02}.Release|Any CPU.ActiveCfg = Release|Any CPU
		{BF4BC50E-557F-489F-AF3A-3BE0DFDBDF02}.Release|Any CPU.Build.0 = Release|Any CPU
		{AB065B75-088E-4DC0-9D1A-59402940B993}.Debug|Any CPU.ActiveCfg = Debug|Any CPU
		{AB065B75-088E-4DC0-9D1A-59402940B993}.Debug|Any CPU.Build.0 = Debug|Any CPU
		{AB065B75-088E-4DC0-9D1A-59402940B993}.Release|Any CPU.ActiveCfg = Release|Any CPU
		{AB065B75-088E-4DC0-9D1A-59402940B993}.Release|Any CPU.Build.0 = Release|Any CPU
		{4FDACD87-9137-4C5C-85D6-F209B940C6EA}.Debug|Any CPU.ActiveCfg = Debug|Any CPU
		{4FDACD87-9137-4C5C-85D6-F209B940C6EA}.Debug|Any CPU.Build.0 = Debug|Any CPU
		{4FDACD87-9137-4C5C-85D6-F209B940C6EA}.Release|Any CPU.ActiveCfg = Release|Any CPU
		{4FDACD87-9137-4C5C-85D6-F209B940C6EA}.Release|Any CPU.Build.0 = Release|Any CPU
	EndGlobalSection
	GlobalSection(SolutionProperties) = preSolution
		HideSolutionNode = FALSE
	EndGlobalSection
	GlobalSection(ExtensibilityGlobals) = postSolution
		SolutionGuid = {D11970FD-7834-46B8-9C60-0FCB7B9590D0}
	EndGlobalSection
EndGlobal
